<?xml version="1.0" encoding="utf-8"?>
<Project ToolsVersion="16.0" xmlns="http://schemas.microsoft.com/developer/msbuild/2003">
  <ItemGroup>
    <CustomBuild Include="C:\Users\cao__\source\repos\chanlun5\CMakeFiles\25955fa81c36938fb08cff9f8fdaf36a\generate.stamp.rule">
      <Filter>CMake Rules</Filter>
    </CustomBuild>
  </ItemGroup>
  <ItemGroup>
    <Filter Include="CMake Rules">
      <UniqueIdentifier>{37B33A13-FBFC-3649-BC15-B139A937D252}</UniqueIdentifier>
    </Filter>
  </ItemGroup>
</Project>
